
Microsoft Visual Studio Solution File, Format Version 10.00
# Visual Studio 2008
Project("{FAE04EC0-301F-11D3-BF4B-00C04F79EFBC}") = "DigitalizacionDocumentos", "DigitalizacionDocumentos.csproj", "{F454BCA9-5F45-4A1C-A0FD-EC1AC2534361}"
EndProject
Global
	GlobalSection(SolutionConfigurationPlatforms) = preSolution
		Debug|Any CPU = Debug|Any CPU
		Release|Any CPU = Release|Any CPU
	EndGlobalSection
	GlobalSection(ProjectConfigurationPlatforms) = postSolution
		{F454BCA9-5F45-4A1C-A0FD-EC1AC2534361}.Debug|Any CPU.ActiveCfg = Debug|Any CPU
		{F454BCA9-5F45-4A1C-A0FD-EC1AC2534361}.Debug|Any CPU.Build.0 = Debug|Any CPU
		{F454BCA9-5F45-4A1C-A0FD-EC1AC2534361}.Release|Any CPU.ActiveCfg = Release|Any CPU
		{F454BCA9-5F45-4A1C-A0FD-EC1AC2534361}.Release|Any CPU.Build.0 = Release|Any CPU
	EndGlobalSection
	GlobalSection(SolutionProperties) = preSolution
		HideSolutionNode = FALSE
	EndGlobalSection
EndGlobal
